
Microsoft Visual Studio Solution File, Format Version 12.00
# Visual Studio Version 17
VisualStudioVersion = 17.3.32804.467
MinimumVisualStudioVersion = 10.0.40219.1
Project("{9A19103F-16F7-4668-BE54-9A1E7A4F7556}") = "2.CEntities", "2.CEntities\2.CEntities.csproj", "{2E23C442-D3F8-494A-9F2D-0ECEFD9E5DAD}"
EndProject
Project("{9A19103F-16F7-4668-BE54-9A1E7A4F7556}") = "1.CData", "1.CData\1.CData.csproj", "{F7E2918F-7D1F-4130-993E-B6AB9DD0F1F9}"
EndProject
Project("{9A19103F-16F7-4668-BE54-9A1E7A4F7556}") = "3.CLogic", "3.CLogic\3.CLogic.csproj", "{BADC7354-A553-49BB-B14D-31010E1A9843}"
EndProject
Project("{FAE04EC0-301F-11D3-BF4B-00C04F79EFBC}") = "4.WinFormApp", "4.WinFormApp\4.WinFormApp.csproj", "{5A5A24A7-84B1-4C9D-8579-CB38484E03EE}"
EndProject
Global
	GlobalSection(SolutionConfigurationPlatforms) = preSolution
		Debug|Any CPU = Debug|Any CPU
		Release|Any CPU = Release|Any CPU
	EndGlobalSection
	GlobalSection(ProjectConfigurationPlatforms) = postSolution
		{2E23C442-D3F8-494A-9F2D-0ECEFD9E5DAD}.Debug|Any CPU.ActiveCfg = Debug|Any CPU
		{2E23C442-D3F8-494A-9F2D-0ECEFD9E5DAD}.Debug|Any CPU.Build.0 = Debug|Any CPU
		{2E23C442-D3F8-494A-9F2D-0ECEFD9E5DAD}.Release|Any CPU.ActiveCfg = Release|Any CPU
		{2E23C442-D3F8-494A-9F2D-0ECEFD9E5DAD}.Release|Any CPU.Build.0 = Release|Any CPU
		{F7E2918F-7D1F-4130-993E-B6AB9DD0F1F9}.Debug|Any CPU.ActiveCfg = Debug|Any CPU
		{F7E2918F-7D1F-4130-993E-B6AB9DD0F1F9}.Debug|Any CPU.Build.0 = Debug|Any CPU
		{F7E2918F-7D1F-4130-993E-B6AB9DD0F1F9}.Release|Any CPU.ActiveCfg = Release|Any CPU
		{F7E2918F-7D1F-4130-993E-B6AB9DD0F1F9}.Release|Any CPU.Build.0 = Release|Any CPU
		{BADC7354-A553-49BB-B14D-31010E1A9843}.Debug|Any CPU.ActiveCfg = Debug|Any CPU
		{BADC7354-A553-49BB-B14D-31010E1A9843}.Debug|Any CPU.Build.0 = Debug|Any CPU
		{BADC7354-A553-49BB-B14D-31010E1A9843}.Release|Any CPU.ActiveCfg = Release|Any CPU
		{BADC7354-A553-49BB-B14D-31010E1A9843}.Release|Any CPU.Build.0 = Release|Any CPU
		{5A5A24A7-84B1-4C9D-8579-CB38484E03EE}.Debug|Any CPU.ActiveCfg = Debug|Any CPU
		{5A5A24A7-84B1-4C9D-8579-CB38484E03EE}.Debug|Any CPU.Build.0 = Debug|Any CPU
		{5A5A24A7-84B1-4C9D-8579-CB38484E03EE}.Release|Any CPU.ActiveCfg = Release|Any CPU
		{5A5A24A7-84B1-4C9D-8579-CB38484E03EE}.Release|Any CPU.Build.0 = Release|Any CPU
	EndGlobalSection
	GlobalSection(SolutionProperties) = preSolution
		HideSolutionNode = FALSE
	EndGlobalSection
	GlobalSection(ExtensibilityGlobals) = postSolution
		SolutionGuid = {05706AE7-BCA1-4642-BCAF-105CA67DD74C}
	EndGlobalSection
EndGlobal
